{
  "name": "nativescript-stripe",
  "version": "3.0.0",
  "lockfileVersion": 1,
  "requires": true,
  "dependencies": {
    "@angular/common": {
      "version": "4.0.3",
      "resolved": "https://registry.npmjs.org/@angular/common/-/common-4.0.3.tgz",
      "integrity": "sha1-F0coletCXygSs6eRYrW0lNJQals=",
      "dev": true
    },
    "@angular/compiler": {
      "version": "4.0.3",
      "resolved": "https://registry.npmjs.org/@angular/compiler/-/compiler-4.0.3.tgz",
      "integrity": "sha1-izytM4rFOTKOEKakv6oFcJT3vIk=",
      "dev": true
    },
    "@angular/core": {
      "version": "4.0.3",
      "resolved": "https://registry.npmjs.org/@angular/core/-/core-4.0.3.tgz",
      "integrity": "sha1-Yb4h22qld44zFZ/9OMu+uvFhINk=",
      "dev": true
    },
    "@angular/forms": {
      "version": "4.0.3",
      "resolved": "https://registry.npmjs.org/@angular/forms/-/forms-4.0.3.tgz",
      "integrity": "sha1-+45uCu3ngr9Ycwox0RebMjJxgW4=",
      "dev": true
    },
    "@angular/http": {
      "version": "4.0.3",
      "resolved": "https://registry.npmjs.org/@angular/http/-/http-4.0.3.tgz",
      "integrity": "sha1-77twGiFex3BMAhZ2SEuF7Uc5L0s=",
      "dev": true
    },
    "@angular/platform-browser": {
      "version": "4.0.3",
      "resolved": "https://registry.npmjs.org/@angular/platform-browser/-/platform-browser-4.0.3.tgz",
      "integrity": "sha1-FwsY1a9O4Cskiqah8eBYSshBaB4=",
      "dev": true
    },
    "@angular/router": {
      "version": "4.0.3",
      "resolved": "https://registry.npmjs.org/@angular/router/-/router-4.0.3.tgz",
      "integrity": "sha1-JBhOmxJmxK0BeyvoFXNGSx5MXfo=",
      "dev": true
    },
    "nativescript-angular": {
      "version": "3.1.3",
      "resolved": "https://registry.npmjs.org/nativescript-angular/-/nativescript-angular-3.1.3.tgz",
      "integrity": "sha1-t8yB35PFHpF4Qgx8XQys0Y6t2uc=",
      "dev": true,
      "requires": {
        "nativescript-intl": "3.0.0",
        "reflect-metadata": "0.1.10"
      }
    },
    "nativescript-intl": {
      "version": "3.0.0",
      "resolved": "https://registry.npmjs.org/nativescript-intl/-/nativescript-intl-3.0.0.tgz",
      "integrity": "sha1-gu6b59N3Fys8QpVzRyMDdijhhqc=",
      "dev": true
    },
    "reflect-metadata": {
      "version": "0.1.10",
      "resolved": "https://registry.npmjs.org/reflect-metadata/-/reflect-metadata-0.1.10.tgz",
      "integrity": "sha1-tPg3BEFqytiZiMmxVjXUfgO5NEo=",
      "dev": true
    },
    "rxjs": {
      "version": "5.0.3",
      "resolved": "https://registry.npmjs.org/rxjs/-/rxjs-5.0.3.tgz",
      "integrity": "sha1-/IvfRk6/k4gSdI5BlniPOS/vl1Q=",
      "dev": true,
      "requires": {
        "symbol-observable": "1.0.4"
      }
    },
    "symbol-observable": {
      "version": "1.0.4",
      "resolved": "https://registry.npmjs.org/symbol-observable/-/symbol-observable-1.0.4.tgz",
      "integrity": "sha1-Kb9hXUqnEhvdiYsi1LP5vE4qoD0=",
      "dev": true
    },
    "tns-core-modules": {
      "version": "3.1.1",
      "resolved": "https://registry.npmjs.org/tns-core-modules/-/tns-core-modules-3.1.1.tgz",
      "integrity": "sha1-ezicQt1sENstGt+8bJEDFwPlDdU=",
      "dev": true,
      "requires": {
        "tns-core-modules-widgets": "3.1.1"
      }
    },
    "tns-core-modules-widgets": {
      "version": "3.1.1",
      "resolved": "https://registry.npmjs.org/tns-core-modules-widgets/-/tns-core-modules-widgets-3.1.1.tgz",
      "integrity": "sha1-M2691nlV6Im5GNsuzyRy/rVwh+A=",
      "dev": true
    },
    "tns-platform-declarations": {
      "version": "3.1.1",
      "resolved": "https://registry.npmjs.org/tns-platform-declarations/-/tns-platform-declarations-3.1.1.tgz",
      "integrity": "sha1-ES3HusScnYe//OIEIiN1u1Jyfo8=",
      "dev": true
    },
    "typescript": {
      "version": "2.4.2",
      "resolved": "https://registry.npmjs.org/typescript/-/typescript-2.4.2.tgz",
      "integrity": "sha1-+DlfhdRZJ2BnyYiqQYN6j4KHCEQ=",
      "dev": true
    },
    "zone.js": {
      "version": "0.8.16",
      "resolved": "https://registry.npmjs.org/zone.js/-/zone.js-0.8.16.tgz",
      "integrity": "sha1-rDG2xBj4jA+Ritas2KQCrKkxOrs=",
      "dev": true
    }
  }
}
